
Microsoft Visual Studio Solution File, Format Version 12.00
# Visual Studio Version 17
VisualStudioVersion = 17.14.36119.2 d17.14
MinimumVisualStudioVersion = 10.0.40219.1
Project("{FAE04EC0-301F-11D3-BF4B-00C04F79EFBC}") = "ProductDetails", "ProductDetails\ProductDetails.csproj", "{D44817C5-930D-4902-944F-58B9C285D346}"
EndProject
Global
	GlobalSection(SolutionConfigurationPlatforms) = preSolution
		Debug|Any CPU = Debug|Any CPU
		Release|Any CPU = Release|Any CPU
	EndGlobalSection
	GlobalSection(ProjectConfigurationPlatforms) = postSolution
		{D44817C5-930D-4902-944F-58B9C285D346}.Debug|Any CPU.ActiveCfg = Debug|Any CPU
		{D44817C5-930D-4902-944F-58B9C285D346}.Debug|Any CPU.Build.0 = Debug|Any CPU
		{D44817C5-930D-4902-944F-58B9C285D346}.Release|Any CPU.ActiveCfg = Release|Any CPU
		{D44817C5-930D-4902-944F-58B9C285D346}.Release|Any CPU.Build.0 = Release|Any CPU
	EndGlobalSection
	GlobalSection(SolutionProperties) = preSolution
		HideSolutionNode = FALSE
	EndGlobalSection
	GlobalSection(ExtensibilityGlobals) = postSolution
		SolutionGuid = {90BCB19E-4C9C-4DE8-A762-7958E54A7E68}
	EndGlobalSection
EndGlobal
